# @generated - this file is auto-generated by `mise lock` https://mise.en.dev/dev-tools/mise-lock.html

[[tools.node]]
version = "26.0.0"
backend = "core:node"

[tools.node."platforms.linux-arm64"]
checksum = "sha256:c802664b5770102999efacf5717854f7652797db522e8cc5727a6209afea824d"
url = "https://nodejs.org/dist/v26.0.0/node-v26.0.0-linux-arm64.tar.gz"

[tools.node."platforms.linux-arm64-musl"]
url = "https://unofficial-builds.nodejs.org/download/release/v26.0.0/node-v26.0.0-linux-arm64-musl.tar.gz"

[tools.node."platforms.linux-x64"]
checksum = "sha256:42cee4d7ec80b7f7c89281cf00726b14840ac674462404dd4fd36f03964dc0af"
url = "https://nodejs.org/dist/v26.0.0/node-v26.0.0-linux-x64.tar.gz"

[tools.node."platforms.linux-x64-musl"]
checksum = "sha256:333c376e342e5e5c0505f19eaab4990cc03f47a15dd5628c30fe64c39048b995"
url = "https://unofficial-builds.nodejs.org/download/release/v26.0.0/node-v26.0.0-linux-x64-musl.tar.gz"

[tools.node."platforms.macos-arm64"]
checksum = "sha256:dcee8564c1a9342f9594dd5e52d533894dfef6b85aa771bbbb870baa3c403235"
url = "https://nodejs.org/dist/v26.0.0/node-v26.0.0-darwin-arm64.tar.gz"

[tools.node."platforms.macos-x64"]
checksum = "sha256:f488ab543fe202d8a2d56e661682117d3c56903a2bf64f2ec1ff7bd421cfd875"
url = "https://nodejs.org/dist/v26.0.0/node-v26.0.0-darwin-x64.tar.gz"

[tools.node."platforms.windows-x64"]
checksum = "sha256:d0418640a36096e00bddb57761aa0b1b98f91904ec4ed2b9dd75cbad723becd7"
url = "https://nodejs.org/dist/v26.0.0/node-v26.0.0-win-x64.zip"

[[tools.pnpm]]
version = "11.0.5"
backend = "aqua:pnpm/pnpm"

[tools.pnpm."platforms.linux-arm64"]
checksum = "sha256:bc7a40cc30bdb6bc4078dc97aa427f4e4f9898c8a38005ff39c1cdaa4191d9c4"
url = "https://github.com/pnpm/pnpm/releases/download/v11.0.5/pnpm-linux-arm64.tar.gz"

[tools.pnpm."platforms.linux-arm64-musl"]
checksum = "sha256:a17d6298fd021847d663fbe7c576d2a8d26523573ea2b53b5be9ae5302af9182"
url = "https://github.com/pnpm/pnpm/releases/download/v11.0.5/pnpm-linux-arm64-musl.tar.gz"

[tools.pnpm."platforms.linux-x64"]
checksum = "sha256:c1b55f53f5344cf0e26441d97b9ee2ee3b81791503c5cbd4bb93ae1898b8d211"
url = "https://github.com/pnpm/pnpm/releases/download/v11.0.5/pnpm-linux-x64.tar.gz"

[tools.pnpm."platforms.linux-x64-musl"]
checksum = "sha256:8e073c9dd1a02096f55ee412abdc2ae131d72153c530436302e9d8ec33936ac2"
url = "https://github.com/pnpm/pnpm/releases/download/v11.0.5/pnpm-linux-x64-musl.tar.gz"

[tools.pnpm."platforms.macos-arm64"]
checksum = "sha256:24d412b2d137c6bc91e09c039b0e8ced6b5ac8f1dc9ea1881f0521cdb3bc5318"
url = "https://github.com/pnpm/pnpm/releases/download/v11.0.5/pnpm-darwin-arm64.tar.gz"

[tools.pnpm."platforms.windows-x64"]
checksum = "sha256:c79329a48a5e67bbbf73578fe0ddd5ff1fef05ed8c9ce43cfdc675d4d173fa3a"
url = "https://github.com/pnpm/pnpm/releases/download/v11.0.5/pnpm-win32-x64.zip"
